{
  "name": "remove-youtube-copyright",
  "version": "1.0.0",
  "lockfileVersion": 3,
  "requires": true,
  "packages": {
    "": {
      "name": "remove-youtube-copyright",
      "version": "1.0.0",
      "license": "ISC",
      "dependencies": {
        "axios": "^0.21.1",
        "dotenv": "^8.2.0",
        "playwright-chromium": "^1.34.0"
      }
    },
    "node_modules/axios": {
      "version": "0.21.1",
      "resolved": "https://registry.npmjs.org/axios/-/axios-0.21.1.tgz",
      "integrity": "sha512-dKQiRHxGD9PPRIUNIWvZhPTPpl1rf/OxTYKsqKUDjBwYylTvV7SjSHJb9ratfyzM6wCdLCOYLzs73qpg5c4iGA==",
      "dependencies": {
        "follow-redirects": "^1.10.0"
      }
    },
    "node_modules/dotenv": {
      "version": "8.2.0",
      "resolved": "https://registry.npmjs.org/dotenv/-/dotenv-8.2.0.tgz",
      "integrity": "sha512-8sJ78ElpbDJBHNeBzUbUVLsqKdccaa/BXF1uPTw3GrvQTBgrQrtObr2mUrE38vzYd8cEv+m/JBfDLioYcfXoaw==",
      "engines": {
        "node": ">=8"
      }
    },
    "node_modules/follow-redirects": {
      "version": "1.13.2",
      "resolved": "https://registry.npmjs.org/follow-redirects/-/follow-redirects-1.13.2.tgz",
      "integrity": "sha512-6mPTgLxYm3r6Bkkg0vNM0HTjfGrOEtsfbhagQvbxDEsEkpNhw582upBaoRZylzen6krEmxXJgt9Ju6HiI4O7BA==",
      "funding": [
        {
          "type": "individual",
          "url": "https://github.com/sponsors/RubenVerborgh"
        }
      ],
      "engines": {
        "node": ">=4.0"
      },
      "peerDependenciesMeta": {
        "debug": {
          "optional": true
        }
      }
    },
    "node_modules/playwright-chromium": {
      "version": "1.34.0",
      "resolved": "https://registry.npmjs.org/playwright-chromium/-/playwright-chromium-1.34.0.tgz",
      "integrity": "sha512-w3nNawEvAOD+HgrwzVWmlMZJ+B98ySf9OZ/R5MyXDaW4NELUb/sM1pTAx6ue8C9seY8CE6rw556VByRfLtwg5A==",
      "hasInstallScript": true,
      "dependencies": {
        "playwright-core": "1.34.0"
      },
      "bin": {
        "playwright": "cli.js"
      },
      "engines": {
        "node": ">=14"
      }
    },
    "node_modules/playwright-core": {
      "version": "1.34.0",
      "resolved": "https://registry.npmjs.org/playwright-core/-/playwright-core-1.34.0.tgz",
      "integrity": "sha512-fMUY1+iR6kYbJF/EsOOqzBA99ZHXbw9sYPNjwA4X/oV0hVF/1aGlWYBGPVUEqxBkGANDKMziYoOdKGU5DIP5Gg==",
      "engines": {
        "node": ">=14"
      }
    }
  }
}
