lockfileVersion: '6.0'

dependencies:
  axios:
    specifier: ^0.21.1
    version: 0.21.1
  dotenv:
    specifier: ^8.2.0
    version: 8.2.0
  playwright-chromium:
    specifier: ^1.34.0
    version: 1.34.0

packages:

  /axios@0.21.1:
    resolution: {integrity: sha512-dKQiRHxGD9PPRIUNIWvZhPTPpl1rf/OxTYKsqKUDjBwYylTvV7SjSHJb9ratfyzM6wCdLCOYLzs73qpg5c4iGA==}
    dependencies:
      follow-redirects: 1.15.2
    transitivePeerDependencies:
      - debug
    dev: false

  /dotenv@8.2.0:
    resolution: {integrity: sha512-8sJ78ElpbDJBHNeBzUbUVLsqKdccaa/BXF1uPTw3GrvQTBgrQrtObr2mUrE38vzYd8cEv+m/JBfDLioYcfXoaw==}
    engines: {node: '>=8'}
    dev: false

  /follow-redirects@1.15.2:
    resolution: {integrity: sha512-VQLG33o04KaQ8uYi2tVNbdrWp1QWxNNea+nmIB4EVM28v0hmP17z7aG1+wAkNzVq4KeXTq3221ye5qTJP91JwA==}
    engines: {node: '>=4.0'}
    peerDependencies:
      debug: '*'
    peerDependenciesMeta:
      debug:
        optional: true
    dev: false

  /playwright-chromium@1.34.0:
    resolution: {integrity: sha512-w3nNawEvAOD+HgrwzVWmlMZJ+B98ySf9OZ/R5MyXDaW4NELUb/sM1pTAx6ue8C9seY8CE6rw556VByRfLtwg5A==}
    engines: {node: '>=14'}
    hasBin: true
    requiresBuild: true
    dependencies:
      playwright-core: 1.34.0
    dev: false

  /playwright-core@1.34.0:
    resolution: {integrity: sha512-fMUY1+iR6kYbJF/EsOOqzBA99ZHXbw9sYPNjwA4X/oV0hVF/1aGlWYBGPVUEqxBkGANDKMziYoOdKGU5DIP5Gg==}
    engines: {node: '>=14'}
    dev: false
